// !$*UTF8*$!
{
	archiveVersion = 1;
	classes = {
	};
	objectVersion = 46;
	objects = {

/* Begin PBXBuildFile section */
		7648092D1E5A0B7E0072A173 /* AppDelegate.swift in Sources */ = {isa = PBXBuildFile; fileRef = 7648092C1E5A0B7E0072A173 /* AppDelegate.swift */; };
		7648092F1E5A0B7E0072A173 /* ViewController.swift in Sources */ = {isa = PBXBuildFile; fileRef = 7648092E1E5A0B7E0072A173 /* ViewController.swift */; };
		764809341E5A0B7E0072A173 /* Assets.xcassets in Resources */ = {isa = PBXBuildFile; fileRef = 764809331E5A0B7E0072A173 /* Assets.xcassets */; };
		764809431E5A0FA60072A173 /* Info.plist in Resources */ = {isa = PBXBuildFile; fileRef = 764809381E5A0B7E0072A173 /* Info.plist */; };
		764809491E5A10070072A173 /* LaunchScreen.storyboard in Resources */ = {isa = PBXBuildFile; fileRef = 764809451E5A10070072A173 /* LaunchScreen.storyboard */; };
		7648094A1E5A10070072A173 /* Main.storyboard in Resources */ = {isa = PBXBuildFile; fileRef = 764809471E5A10070072A173 /* Main.storyboard */; };
/* End PBXBuildFile section */

/* Begin PBXFileReference section */
		764809291E5A0B7E0072A173 /* ActivityFeed.app */ = {isa = PBXFileReference; explicitFileType = wrapper.application; includeInIndex = 0; path = ActivityFeed.app; sourceTree = BUILT_PRODUCTS_DIR; };
		7648092C1E5A0B7E0072A173 /* AppDelegate.swift */ = {isa = PBXFileReference; lastKnownFileType = sourcecode.swift; path = AppDelegate.swift; sourceTree = "<group>"; };
		7648092E1E5A0B7E0072A173 /* ViewController.swift */ = {isa = PBXFileReference; lastKnownFileType = sourcecode.swift; path = ViewController.swift; sourceTree = "<group>"; };
		764809331E5A0B7E0072A173 /* Assets.xcassets */ = {isa = PBXFileReference; lastKnownFileType = folder.assetcatalog; path = Assets.xcassets; sourceTree = "<group>"; };
		764809381E5A0B7E0072A173 /* Info.plist */ = {isa = PBXFileReference; lastKnownFileType = text.plist.xml; path = Info.plist; sourceTree = "<group>"; };
		764809461E5A10070072A173 /* Base */ = {isa = PBXFileReference; lastKnownFileType = file.storyboard; name = Base; path = LaunchScreen.storyboard; sourceTree = "<group>"; };
		764809481E5A10070072A173 /* Base */ = {isa = PBXFileReference; lastKnownFileType = file.storyboard; name = Base; path = Main.storyboard; sourceTree = "<group>"; };
/* End PBXFileReference section */

/* Begin PBXFrameworksBuildPhase section */
		764809261E5A0B7E0072A173 /* Frameworks */ = {
			isa = PBXFrameworksBuildPhase;
			buildActionMask = 2147483647;
			files = (
			);
			runOnlyForDeploymentPostprocessing = 0;
		};
/* End PBXFrameworksBuildPhase section */

/* Begin PBXGroup section */
		764809201E5A0B7E0072A173 = {
			isa = PBXGroup;
			children = (
				7648092B1E5A0B7E0072A173 /* ActivityFeed */,
				7648092A1E5A0B7E0072A173 /* Products */,
			);
			sourceTree = "<group>";
		};
		7648092A1E5A0B7E0072A173 /* Products */ = {
			isa = PBXGroup;
			children = (
				764809291E5A0B7E0072A173 /* ActivityFeed.app */,
			);
			name = Products;
			sourceTree = "<group>";
		};
		7648092B1E5A0B7E0072A173 /* ActivityFeed */ = {
			isa = PBXGroup;
			children = (
				764809401E5A0ED70072A173 /* UI */,
				7648093E1E5A0EA90072A173 /* Supporting Files */,
			);
			path = ActivityFeed;
			sourceTree = "<group>";
		};
		7648093E1E5A0EA90072A173 /* Supporting Files */ = {
			isa = PBXGroup;
			children = (
				764809331E5A0B7E0072A173 /* Assets.xcassets */,
				764809381E5A0B7E0072A173 /* Info.plist */,
				764809441E5A10070072A173 /* Base.lproj */,
			);
			path = "Supporting Files";
			sourceTree = "<group>";
		};
		764809401E5A0ED70072A173 /* UI */ = {
			isa = PBXGroup;
			children = (
				764809411E5A0ED70072A173 /* AppDelegate */,
				764809421E5A0EE20072A173 /* Views */,
			);
			path = UI;
			sourceTree = "<group>";
		};
		764809411E5A0ED70072A173 /* AppDelegate */ = {
			isa = PBXGroup;
			children = (
				7648092C1E5A0B7E0072A173 /* AppDelegate.swift */,
			);
			path = AppDelegate;
			sourceTree = "<group>";
		};
		764809421E5A0EE20072A173 /* Views */ = {
			isa = PBXGroup;
			children = (
				7648092E1E5A0B7E0072A173 /* ViewController.swift */,
			);
			path = Views;
			sourceTree = "<group>";
		};
		764809441E5A10070072A173 /* Base.lproj */ = {
			isa = PBXGroup;
			children = (
				764809451E5A10070072A173 /* LaunchScreen.storyboard */,
				764809471E5A10070072A173 /* Main.storyboard */,
			);
			path = Base.lproj;
			sourceTree = "<group>";
		};
/* End PBXGroup section */

/* Begin PBXNativeTarget section */
		764809281E5A0B7E0072A173 /* ActivityFeed */ = {
			isa = PBXNativeTarget;
			buildConfigurationList = 7648093B1E5A0B7E0072A173 /* Build configuration list for PBXNativeTarget "ActivityFeed" */;
			buildPhases = (
				764809251E5A0B7E0072A173 /* Sources */,
				764809261E5A0B7E0072A173 /* Frameworks */,
				764809271E5A0B7E0072A173 /* Resources */,
			);
			buildRules = (
			);
			dependencies = (
			);
			name = ActivityFeed;
			productName = ActivityFeed;
			productReference = 764809291E5A0B7E0072A173 /* ActivityFeed.app */;
			productType = "com.apple.product-type.application";
		};
/* End PBXNativeTarget section */

/* Begin PBXProject section */
		764809211E5A0B7E0072A173 /* Project object */ = {
			isa = PBXProject;
			attributes = {
				LastSwiftUpdateCheck = 0820;
				LastUpgradeCheck = 0820;
				ORGANIZATIONNAME = "Jeremi Kaczmarczyk";
				TargetAttributes = {
					764809281E5A0B7E0072A173 = {
						CreatedOnToolsVersion = 8.2.1;
						DevelopmentTeam = S22AEPX323;
						ProvisioningStyle = Automatic;
					};
				};
			};
			buildConfigurationList = 764809241E5A0B7E0072A173 /* Build configuration list for PBXProject "ActivityFeed" */;
			compatibilityVersion = "Xcode 3.2";
			developmentRegion = English;
			hasScannedForEncodings = 0;
			knownRegions = (
				en,
				Base,
			);
			mainGroup = 764809201E5A0B7E0072A173;
			productRefGroup = 7648092A1E5A0B7E0072A173 /* Products */;
			projectDirPath = "";
			projectRoot = "";
			targets = (
				764809281E5A0B7E0072A173 /* ActivityFeed */,
			);
		};
/* End PBXProject section */

/* Begin PBXResourcesBuildPhase section */
		764809271E5A0B7E0072A173 /* Resources */ = {
			isa = PBXResourcesBuildPhase;
			buildActionMask = 2147483647;
			files = (
				764809491E5A10070072A173 /* LaunchScreen.storyboard in Resources */,
				764809431E5A0FA60072A173 /* Info.plist in Resources */,
				764809341E5A0B7E0072A173 /* Assets.xcassets in Resources */,
				7648094A1E5A10070072A173 /* Main.storyboard in Resources */,
			);
			runOnlyForDeploymentPostprocessing = 0;
		};
/* End PBXResourcesBuildPhase section */

/* Begin PBXSourcesBuildPhase section */
		764809251E5A0B7E0072A173 /* Sources */ = {
			isa = PBXSourcesBuildPhase;
			buildActionMask = 2147483647;
			files = (
				7648092F1E5A0B7E0072A173 /* ViewController.swift in Sources */,
				7648092D1E5A0B7E0072A173 /* AppDelegate.swift in Sources */,
			);
			runOnlyForDeploymentPostprocessing = 0;
		};
/* End PBXSourcesBuildPhase section */

/* Begin PBXVariantGroup section */
		764809451E5A10070072A173 /* LaunchScreen.storyboard */ = {
			isa = PBXVariantGroup;
			children = (
				764809461E5A10070072A173 /* Base */,
			);
			name = LaunchScreen.storyboard;
			sourceTree = "<group>";
		};
		764809471E5A10070072A173 /* Main.storyboard */ = {
			isa = PBXVariantGroup;
			children = (
				764809481E5A10070072A173 /* Base */,
			);
			name = Main.storyboard;
			sourceTree = "<group>";
		};
/* End PBXVariantGroup section */

/* Begin XCBuildConfiguration section */
		764809391E5A0B7E0072A173 /* Debug */ = {
			isa = XCBuildConfiguration;
			buildSettings = {
				ALWAYS_SEARCH_USER_PATHS = NO;
				CLANG_ANALYZER_NONNULL = YES;
				CLANG_CXX_LANGUAGE_STANDARD = "gnu++0x";
				CLANG_CXX_LIBRARY = "libc++";
				CLANG_ENABLE_MODULES = YES;
				CLANG_ENABLE_OBJC_ARC = YES;
				CLANG_WARN_BOOL_CONVERSION = YES;
				CLANG_WARN_CONSTANT_CONVERSION = YES;
				CLANG_WARN_DIRECT_OBJC_ISA_USAGE = YES_ERROR;
				CLANG_WARN_DOCUMENTATION_COMMENTS = YES;
				CLANG_WARN_EMPTY_BODY = YES;
				CLANG_WARN_ENUM_CONVERSION = YES;
				CLANG_WARN_INFINITE_RECURSION = YES;
				CLANG_WARN_INT_CONVERSION = YES;
				CLANG_WARN_OBJC_ROOT_CLASS = YES_ERROR;
				CLANG_WARN_SUSPICIOUS_MOVE = YES;
				CLANG_WARN_UNREACHABLE_CODE = YES;
				CLANG_WARN__DUPLICATE_METHOD_MATCH = YES;
				"CODE_SIGN_IDENTITY[sdk=iphoneos*]" = "iPhone Developer";
				COPY_PHASE_STRIP = NO;
				DEBUG_INFORMATION_FORMAT = dwarf;
				ENABLE_STRICT_OBJC_MSGSEND = YES;
				ENABLE_TESTABILITY = YES;
				GCC_C_LANGUAGE_STANDARD = gnu99;
				GCC_DYNAMIC_NO_PIC = NO;
				GCC_NO_COMMON_BLOCKS = YES;
				GCC_OPTIMIZATION_LEVEL = 0;
				GCC_PREPROCESSOR_DEFINITIONS = (
					"DEBUG=1",
					"$(inherited)",
				);
				GCC_WARN_64_TO_32_BIT_CONVERSION = YES;
				GCC_WARN_ABOUT_RETURN_TYPE = YES_ERROR;
				GCC_WARN_UNDECLARED_SELECTOR = YES;
				GCC_WARN_UNINITIALIZED_AUTOS = YES_AGGRESSIVE;
				GCC_WARN_UNUSED_FUNCTION = YES;
				GCC_WARN_UNUSED_VARIABLE = YES;
				IPHONEOS_DEPLOYMENT_TARGET = 10.2;
				MTL_ENABLE_DEBUG_INFO = YES;
				ONLY_ACTIVE_ARCH = YES;
				SDKROOT = iphoneos;
				SWIFT_ACTIVE_COMPILATION_CONDITIONS = DEBUG;
				SWIFT_OPTIMIZATION_LEVEL = "-Onone";
				TARGETED_DEVICE_FAMILY = "1,2";
			};
			name = Debug;
		};
		7648093A1E5A0B7E0072A173 /* Release */ = {
			isa = XCBuildConfiguration;
			buildSettings = {
				ALWAYS_SEARCH_USER_PATHS = NO;
				CLANG_ANALYZER_NONNULL = YES;
				CLANG_CXX_LANGUAGE_STANDARD = "gnu++0x";
				CLANG_CXX_LIBRARY = "libc++";
				CLANG_ENABLE_MODULES = YES;
				CLANG_ENABLE_OBJC_ARC = YES;
				CLANG_WARN_BOOL_CONVERSION = YES;
				CLANG_WARN_CONSTANT_CONVERSION = YES;
				CLANG_WARN_DIRECT_OBJC_ISA_USAGE = YES_ERROR;
				CLANG_WARN_DOCUMENTATION_COMMENTS = YES;
				CLANG_WARN_EMPTY_BODY = YES;
				CLANG_WARN_ENUM_CONVERSION = YES;
				CLANG_WARN_INFINITE_RECURSION = YES;
				CLANG_WARN_INT_CONVERSION = YES;
				CLANG_WARN_OBJC_ROOT_CLASS = YES_ERROR;
				CLANG_WARN_SUSPICIOUS_MOVE = YES;
				CLANG_WARN_UNREACHABLE_CODE = YES;
				CLANG_WARN__DUPLICATE_METHOD_MATCH = YES;
				"CODE_SIGN_IDENTITY[sdk=iphoneos*]" = "iPhone Developer";
				COPY_PHASE_STRIP = NO;
				DEBUG_INFORMATION_FORMAT = "dwarf-with-dsym";
				ENABLE_NS_ASSERTIONS = NO;
				ENABLE_STRICT_OBJC_MSGSEND = YES;
				GCC_C_LANGUAGE_STANDARD = gnu99;
				GCC_NO_COMMON_BLOCKS = YES;
				GCC_WARN_64_TO_32_BIT_CONVERSION = YES;
				GCC_WARN_ABOUT_RETURN_TYPE = YES_ERROR;
				GCC_WARN_UNDECLARED_SELECTOR = YES;
				GCC_WARN_UNINITIALIZED_AUTOS = YES_AGGRESSIVE;
				GCC_WARN_UNUSED_FUNCTION = YES;
				GCC_WARN_UNUSED_VARIABLE = YES;
				IPHONEOS_DEPLOYMENT_TARGET = 10.2;
				MTL_ENABLE_DEBUG_INFO = NO;
				SDKROOT = iphoneos;
				SWIFT_OPTIMIZATION_LEVEL = "-Owholemodule";
				TARGETED_DEVICE_FAMILY = "1,2";
				VALIDATE_PRODUCT = YES;
			};
			name = Release;
		};
		7648093C1E5A0B7E0072A173 /* Debug */ = {
			isa = XCBuildConfiguration;
			buildSettings = {
				ASSETCATALOG_COMPILER_APPICON_NAME = AppIcon;
				ASSETCATALOG_COMPILER_LAUNCHIMAGE_NAME = LaunchImage;
				DEVELOPMENT_TEAM = S22AEPX323;
				INFOPLIST_FILE = "$(SRCROOT)/ActivityFeed/Supporting Files/Info.plist";
				LD_RUNPATH_SEARCH_PATHS = "$(inherited) @executable_path/Frameworks";
				PRODUCT_BUNDLE_IDENTIFIER = jk.apps.ActivityFeed;
				PRODUCT_NAME = "$(TARGET_NAME)";
				SWIFT_VERSION = 3.0;
			};
			name = Debug;
		};
		7648093D1E5A0B7E0072A173 /* Release */ = {
			isa = XCBuildConfiguration;
			buildSettings = {
				ASSETCATALOG_COMPILER_APPICON_NAME = AppIcon;
				ASSETCATALOG_COMPILER_LAUNCHIMAGE_NAME = LaunchImage;
				DEVELOPMENT_TEAM = S22AEPX323;
				INFOPLIST_FILE = "$(SRCROOT)/ActivityFeed/Supporting Files/Info.plist";
				LD_RUNPATH_SEARCH_PATHS = "$(inherited) @executable_path/Frameworks";
				PRODUCT_BUNDLE_IDENTIFIER = jk.apps.ActivityFeed;
				PRODUCT_NAME = "$(TARGET_NAME)";
				SWIFT_VERSION = 3.0;
			};
			name = Release;
		};
/* End XCBuildConfiguration section */

/* Begin XCConfigurationList section */
		764809241E5A0B7E0072A173 /* Build configuration list for PBXProject "ActivityFeed" */ = {
			isa = XCConfigurationList;
			buildConfigurations = (
				764809391E5A0B7E0072A173 /* Debug */,
				7648093A1E5A0B7E0072A173 /* Release */,
			);
			defaultConfigurationIsVisible = 0;
			defaultConfigurationName = Release;
		};
		7648093B1E5A0B7E0072A173 /* Build configuration list for PBXNativeTarget "ActivityFeed" */ = {
			isa = XCConfigurationList;
			buildConfigurations = (
				7648093C1E5A0B7E0072A173 /* Debug */,
				7648093D1E5A0B7E0072A173 /* Release */,
			);
			defaultConfigurationIsVisible = 0;
		};
/* End XCConfigurationList section */
	};
	rootObject = 764809211E5A0B7E0072A173 /* Project object */;
}
