// !$*UTF8*$!
{
	archiveVersion = 1;
	classes = {
	};
	objectVersion = 46;
	objects = {

/* Begin PBXBuildFile section */
		7648092D1E5A0B7E0072A173 /* AppDelegate.swift in Sources */ = {isa = PBXBuildFile; fileRef = 7648092C1E5A0B7E0072A173 /* AppDelegate.swift */; };
		764809341E5A0B7E0072A173 /* Assets.xcassets in Resources */ = {isa = PBXBuildFile; fileRef = 764809331E5A0B7E0072A173 /* Assets.xcassets */; };
		764809491E5A10070072A173 /* LaunchScreen.storyboard in Resources */ = {isa = PBXBuildFile; fileRef = 764809451E5A10070072A173 /* LaunchScreen.storyboard */; };
		7648094C1E5A10760072A173 /* ActivityFeedViewController.swift in Sources */ = {isa = PBXBuildFile; fileRef = 7648094B1E5A10760072A173 /* ActivityFeedViewController.swift */; };
		764809521E5A10B60072A173 /* ActivityFeedConnector.swift in Sources */ = {isa = PBXBuildFile; fileRef = 764809511E5A10B60072A173 /* ActivityFeedConnector.swift */; };
		764809541E5A10C90072A173 /* ActivityFeedPresenter.swift in Sources */ = {isa = PBXBuildFile; fileRef = 764809531E5A10C90072A173 /* ActivityFeedPresenter.swift */; };
		764809561E5A10D60072A173 /* ActivityFeedView.swift in Sources */ = {isa = PBXBuildFile; fileRef = 764809551E5A10D60072A173 /* ActivityFeedView.swift */; };
		7648095B1E5A141E0072A173 /* EntityGateway.swift in Sources */ = {isa = PBXBuildFile; fileRef = 7648095A1E5A141E0072A173 /* EntityGateway.swift */; };
		7648095E1E5A144A0072A173 /* InMemoryRepository.swift in Sources */ = {isa = PBXBuildFile; fileRef = 7648095D1E5A144A0072A173 /* InMemoryRepository.swift */; };
		764809641E5A156F0072A173 /* Activity.swift in Sources */ = {isa = PBXBuildFile; fileRef = 764809631E5A156F0072A173 /* Activity.swift */; };
		764809661E5A30A30072A173 /* UseCase.swift in Sources */ = {isa = PBXBuildFile; fileRef = 764809651E5A30A30072A173 /* UseCase.swift */; };
		764809681E5A31070072A173 /* UseCaseFactory.swift in Sources */ = {isa = PBXBuildFile; fileRef = 764809671E5A31070072A173 /* UseCaseFactory.swift */; };
		7648096B1E5A313C0072A173 /* ShowActivitiesUseCase.swift in Sources */ = {isa = PBXBuildFile; fileRef = 7648096A1E5A313C0072A173 /* ShowActivitiesUseCase.swift */; };
		7648096E1E5A31DF0072A173 /* ActivityDisplayData.swift in Sources */ = {isa = PBXBuildFile; fileRef = 7648096D1E5A31DF0072A173 /* ActivityDisplayData.swift */; };
		7663A5311E5B5BDD00BA132E /* TestData.swift in Sources */ = {isa = PBXBuildFile; fileRef = 7663A5301E5B5BDD00BA132E /* TestData.swift */; };
		7663A5331E5B5D4600BA132E /* Activity+TestData.swift in Sources */ = {isa = PBXBuildFile; fileRef = 7663A5321E5B5D4600BA132E /* Activity+TestData.swift */; };
		7663A5351E5B5E0100BA132E /* ActivityDisplayData+TestData.swift in Sources */ = {isa = PBXBuildFile; fileRef = 7663A5341E5B5E0100BA132E /* ActivityDisplayData+TestData.swift */; };
		7663A5471E5F3EA700BA132E /* ActivityTableViewCell.swift in Sources */ = {isa = PBXBuildFile; fileRef = 7663A5461E5F3EA700BA132E /* ActivityTableViewCell.swift */; };
		7663A5491E5F44CA00BA132E /* ActivityCell.swift in Sources */ = {isa = PBXBuildFile; fileRef = 7663A5481E5F44CA00BA132E /* ActivityCell.swift */; };
		7663A54C1E5F451700BA132E /* LabelFactory.swift in Sources */ = {isa = PBXBuildFile; fileRef = 7663A54B1E5F451700BA132E /* LabelFactory.swift */; };
		7663A5561E5F45D600BA132E /* BentonSans-Regular.otf in Resources */ = {isa = PBXBuildFile; fileRef = 7663A5511E5F45D600BA132E /* BentonSans-Regular.otf */; };
		7663A55A1E5F46A100BA132E /* ColorPalette.swift in Sources */ = {isa = PBXBuildFile; fileRef = 7663A5591E5F46A100BA132E /* ColorPalette.swift */; };
		7663A55C1E5F47A900BA132E /* FontPalette.swift in Sources */ = {isa = PBXBuildFile; fileRef = 7663A55B1E5F47A900BA132E /* FontPalette.swift */; };
		7663A55E1E5F4D9700BA132E /* ReusableIdentifier.swift in Sources */ = {isa = PBXBuildFile; fileRef = 7663A55D1E5F4D9700BA132E /* ReusableIdentifier.swift */; };
		7663A56B1E60B65400BA132E /* UseCaseFactoryTests.swift in Sources */ = {isa = PBXBuildFile; fileRef = 7663A56A1E60B65400BA132E /* UseCaseFactoryTests.swift */; };
		7663A56E1E60BA1A00BA132E /* ShowActivitiesUseCaseTests.swift in Sources */ = {isa = PBXBuildFile; fileRef = 7663A56D1E60BA1A00BA132E /* ShowActivitiesUseCaseTests.swift */; };
		7663A5711E60BCAD00BA132E /* ActivityTests.swift in Sources */ = {isa = PBXBuildFile; fileRef = 7663A5701E60BCAD00BA132E /* ActivityTests.swift */; };
		7663A5771E60BE7C00BA132E /* ActivityDisplayData.swift in Sources */ = {isa = PBXBuildFile; fileRef = 7663A5761E60BE7C00BA132E /* ActivityDisplayData.swift */; };
		7663A57A1E62EE6E00BA132E /* Date+Subtract.swift in Sources */ = {isa = PBXBuildFile; fileRef = 7663A5791E62EE6E00BA132E /* Date+Subtract.swift */; };
		7663A57D1E62EFC900BA132E /* Date+SubtractTests.swift in Sources */ = {isa = PBXBuildFile; fileRef = 7663A57C1E62EFC900BA132E /* Date+SubtractTests.swift */; };
		7663A57F1E62F2D100BA132E /* DateRangeIterator.swift in Sources */ = {isa = PBXBuildFile; fileRef = 7663A57E1E62F2D100BA132E /* DateRangeIterator.swift */; };
/* End PBXBuildFile section */

/* Begin PBXContainerItemProxy section */
		7663A5291E5B5B5600BA132E /* PBXContainerItemProxy */ = {
			isa = PBXContainerItemProxy;
			containerPortal = 764809211E5A0B7E0072A173 /* Project object */;
			proxyType = 1;
			remoteGlobalIDString = 764809281E5A0B7E0072A173;
			remoteInfo = ActivityFeed;
		};
/* End PBXContainerItemProxy section */

/* Begin PBXFileReference section */
		764809291E5A0B7E0072A173 /* ActivityFeed.app */ = {isa = PBXFileReference; explicitFileType = wrapper.application; includeInIndex = 0; path = ActivityFeed.app; sourceTree = BUILT_PRODUCTS_DIR; };
		7648092C1E5A0B7E0072A173 /* AppDelegate.swift */ = {isa = PBXFileReference; lastKnownFileType = sourcecode.swift; path = AppDelegate.swift; sourceTree = "<group>"; };
		764809331E5A0B7E0072A173 /* Assets.xcassets */ = {isa = PBXFileReference; lastKnownFileType = folder.assetcatalog; path = Assets.xcassets; sourceTree = "<group>"; };
		764809381E5A0B7E0072A173 /* Info.plist */ = {isa = PBXFileReference; lastKnownFileType = text.plist.xml; path = Info.plist; sourceTree = "<group>"; };
		764809461E5A10070072A173 /* Base */ = {isa = PBXFileReference; lastKnownFileType = file.storyboard; name = Base; path = LaunchScreen.storyboard; sourceTree = "<group>"; };
		7648094B1E5A10760072A173 /* ActivityFeedViewController.swift */ = {isa = PBXFileReference; fileEncoding = 4; lastKnownFileType = sourcecode.swift; path = ActivityFeedViewController.swift; sourceTree = "<group>"; };
		764809511E5A10B60072A173 /* ActivityFeedConnector.swift */ = {isa = PBXFileReference; fileEncoding = 4; lastKnownFileType = sourcecode.swift; path = ActivityFeedConnector.swift; sourceTree = "<group>"; };
		764809531E5A10C90072A173 /* ActivityFeedPresenter.swift */ = {isa = PBXFileReference; fileEncoding = 4; lastKnownFileType = sourcecode.swift; path = ActivityFeedPresenter.swift; sourceTree = "<group>"; };
		764809551E5A10D60072A173 /* ActivityFeedView.swift */ = {isa = PBXFileReference; fileEncoding = 4; lastKnownFileType = sourcecode.swift; path = ActivityFeedView.swift; sourceTree = "<group>"; };
		7648095A1E5A141E0072A173 /* EntityGateway.swift */ = {isa = PBXFileReference; fileEncoding = 4; lastKnownFileType = sourcecode.swift; path = EntityGateway.swift; sourceTree = "<group>"; };
		7648095D1E5A144A0072A173 /* InMemoryRepository.swift */ = {isa = PBXFileReference; fileEncoding = 4; lastKnownFileType = sourcecode.swift; path = InMemoryRepository.swift; sourceTree = "<group>"; };
		764809631E5A156F0072A173 /* Activity.swift */ = {isa = PBXFileReference; fileEncoding = 4; lastKnownFileType = sourcecode.swift; path = Activity.swift; sourceTree = "<group>"; };
		764809651E5A30A30072A173 /* UseCase.swift */ = {isa = PBXFileReference; fileEncoding = 4; lastKnownFileType = sourcecode.swift; path = UseCase.swift; sourceTree = "<group>"; };
		764809671E5A31070072A173 /* UseCaseFactory.swift */ = {isa = PBXFileReference; fileEncoding = 4; lastKnownFileType = sourcecode.swift; path = UseCaseFactory.swift; sourceTree = "<group>"; };
		7648096A1E5A313C0072A173 /* ShowActivitiesUseCase.swift */ = {isa = PBXFileReference; fileEncoding = 4; lastKnownFileType = sourcecode.swift; path = ShowActivitiesUseCase.swift; sourceTree = "<group>"; };
		7648096D1E5A31DF0072A173 /* ActivityDisplayData.swift */ = {isa = PBXFileReference; fileEncoding = 4; lastKnownFileType = sourcecode.swift; path = ActivityDisplayData.swift; sourceTree = "<group>"; };
		7663A5241E5B5B5600BA132E /* ActivityFeedTests.xctest */ = {isa = PBXFileReference; explicitFileType = wrapper.cfbundle; includeInIndex = 0; path = ActivityFeedTests.xctest; sourceTree = BUILT_PRODUCTS_DIR; };
		7663A5281E5B5B5600BA132E /* Info.plist */ = {isa = PBXFileReference; lastKnownFileType = text.plist.xml; path = Info.plist; sourceTree = "<group>"; };
		7663A52F1E5B5BDC00BA132E /* ActivityFeedTests-Bridging-Header.h */ = {isa = PBXFileReference; lastKnownFileType = sourcecode.c.h; path = "ActivityFeedTests-Bridging-Header.h"; sourceTree = "<group>"; };
		7663A5301E5B5BDD00BA132E /* TestData.swift */ = {isa = PBXFileReference; fileEncoding = 4; lastKnownFileType = sourcecode.swift; path = TestData.swift; sourceTree = "<group>"; };
		7663A5321E5B5D4600BA132E /* Activity+TestData.swift */ = {isa = PBXFileReference; fileEncoding = 4; lastKnownFileType = sourcecode.swift; path = "Activity+TestData.swift"; sourceTree = "<group>"; };
		7663A5341E5B5E0100BA132E /* ActivityDisplayData+TestData.swift */ = {isa = PBXFileReference; fileEncoding = 4; lastKnownFileType = sourcecode.swift; path = "ActivityDisplayData+TestData.swift"; sourceTree = "<group>"; };
		7663A5461E5F3EA700BA132E /* ActivityTableViewCell.swift */ = {isa = PBXFileReference; fileEncoding = 4; lastKnownFileType = sourcecode.swift; path = ActivityTableViewCell.swift; sourceTree = "<group>"; };
		7663A5481E5F44CA00BA132E /* ActivityCell.swift */ = {isa = PBXFileReference; fileEncoding = 4; lastKnownFileType = sourcecode.swift; path = ActivityCell.swift; sourceTree = "<group>"; };
		7663A54B1E5F451700BA132E /* LabelFactory.swift */ = {isa = PBXFileReference; fileEncoding = 4; lastKnownFileType = sourcecode.swift; path = LabelFactory.swift; sourceTree = "<group>"; };
		7663A5511E5F45D600BA132E /* BentonSans-Regular.otf */ = {isa = PBXFileReference; lastKnownFileType = file; name = "BentonSans-Regular.otf"; path = "../../Fonts/BentonSans-Regular.otf"; sourceTree = "<group>"; };
		7663A5591E5F46A100BA132E /* ColorPalette.swift */ = {isa = PBXFileReference; fileEncoding = 4; lastKnownFileType = sourcecode.swift; path = ColorPalette.swift; sourceTree = "<group>"; };
		7663A55B1E5F47A900BA132E /* FontPalette.swift */ = {isa = PBXFileReference; fileEncoding = 4; lastKnownFileType = sourcecode.swift; path = FontPalette.swift; sourceTree = "<group>"; };
		7663A55D1E5F4D9700BA132E /* ReusableIdentifier.swift */ = {isa = PBXFileReference; fileEncoding = 4; lastKnownFileType = sourcecode.swift; path = ReusableIdentifier.swift; sourceTree = "<group>"; };
		7663A56A1E60B65400BA132E /* UseCaseFactoryTests.swift */ = {isa = PBXFileReference; fileEncoding = 4; lastKnownFileType = sourcecode.swift; path = UseCaseFactoryTests.swift; sourceTree = "<group>"; };
		7663A56D1E60BA1A00BA132E /* ShowActivitiesUseCaseTests.swift */ = {isa = PBXFileReference; fileEncoding = 4; lastKnownFileType = sourcecode.swift; path = ShowActivitiesUseCaseTests.swift; sourceTree = "<group>"; };
		7663A5701E60BCAD00BA132E /* ActivityTests.swift */ = {isa = PBXFileReference; fileEncoding = 4; lastKnownFileType = sourcecode.swift; path = ActivityTests.swift; sourceTree = "<group>"; };
		7663A5761E60BE7C00BA132E /* ActivityDisplayData.swift */ = {isa = PBXFileReference; fileEncoding = 4; lastKnownFileType = sourcecode.swift; path = ActivityDisplayData.swift; sourceTree = "<group>"; };
		7663A5791E62EE6E00BA132E /* Date+Subtract.swift */ = {isa = PBXFileReference; fileEncoding = 4; lastKnownFileType = sourcecode.swift; path = "Date+Subtract.swift"; sourceTree = "<group>"; };
		7663A57C1E62EFC900BA132E /* Date+SubtractTests.swift */ = {isa = PBXFileReference; fileEncoding = 4; lastKnownFileType = sourcecode.swift; path = "Date+SubtractTests.swift"; sourceTree = "<group>"; };
		7663A57E1E62F2D100BA132E /* DateRangeIterator.swift */ = {isa = PBXFileReference; fileEncoding = 4; lastKnownFileType = sourcecode.swift; path = DateRangeIterator.swift; sourceTree = "<group>"; };
/* End PBXFileReference section */

/* Begin PBXFrameworksBuildPhase section */
		764809261E5A0B7E0072A173 /* Frameworks */ = {
			isa = PBXFrameworksBuildPhase;
			buildActionMask = 2147483647;
			files = (
			);
			runOnlyForDeploymentPostprocessing = 0;
		};
		7663A5211E5B5B5600BA132E /* Frameworks */ = {
			isa = PBXFrameworksBuildPhase;
			buildActionMask = 2147483647;
			files = (
			);
			runOnlyForDeploymentPostprocessing = 0;
		};
/* End PBXFrameworksBuildPhase section */

/* Begin PBXGroup section */
		764809201E5A0B7E0072A173 = {
			isa = PBXGroup;
			children = (
				7648092B1E5A0B7E0072A173 /* ActivityFeed */,
				7663A5251E5B5B5600BA132E /* ActivityFeedTests */,
				7648092A1E5A0B7E0072A173 /* Products */,
			);
			sourceTree = "<group>";
		};
		7648092A1E5A0B7E0072A173 /* Products */ = {
			isa = PBXGroup;
			children = (
				764809291E5A0B7E0072A173 /* ActivityFeed.app */,
				7663A5241E5B5B5600BA132E /* ActivityFeedTests.xctest */,
			);
			name = Products;
			sourceTree = "<group>";
		};
		7648092B1E5A0B7E0072A173 /* ActivityFeed */ = {
			isa = PBXGroup;
			children = (
				7648095C1E5A143F0072A173 /* Data */,
				764809591E5A14020072A173 /* Domain */,
				7648094D1E5A108C0072A173 /* Presentation */,
				764809401E5A0ED70072A173 /* UI */,
				7648093E1E5A0EA90072A173 /* Supporting Files */,
			);
			path = ActivityFeed;
			sourceTree = "<group>";
		};
		7648093E1E5A0EA90072A173 /* Supporting Files */ = {
			isa = PBXGroup;
			children = (
				764809331E5A0B7E0072A173 /* Assets.xcassets */,
				764809381E5A0B7E0072A173 /* Info.plist */,
				7663A54D1E5F45D600BA132E /* Fonts */,
				764809441E5A10070072A173 /* Base.lproj */,
			);
			path = "Supporting Files";
			sourceTree = "<group>";
		};
		764809401E5A0ED70072A173 /* UI */ = {
			isa = PBXGroup;
			children = (
				7663A5581E5F469700BA132E /* Aux */,
				7663A54A1E5F450D00BA132E /* Factories */,
				764809501E5A10AA0072A173 /* Connectors */,
				764809411E5A0ED70072A173 /* AppDelegate */,
				7663A5451E5F3E9500BA132E /* SupplementaryViews */,
				764809421E5A0EE20072A173 /* Views */,
			);
			path = UI;
			sourceTree = "<group>";
		};
		764809411E5A0ED70072A173 /* AppDelegate */ = {
			isa = PBXGroup;
			children = (
				7648092C1E5A0B7E0072A173 /* AppDelegate.swift */,
			);
			path = AppDelegate;
			sourceTree = "<group>";
		};
		764809421E5A0EE20072A173 /* Views */ = {
			isa = PBXGroup;
			children = (
				7648094B1E5A10760072A173 /* ActivityFeedViewController.swift */,
			);
			path = Views;
			sourceTree = "<group>";
		};
		764809441E5A10070072A173 /* Base.lproj */ = {
			isa = PBXGroup;
			children = (
				764809451E5A10070072A173 /* LaunchScreen.storyboard */,
			);
			path = Base.lproj;
			sourceTree = "<group>";
		};
		7648094D1E5A108C0072A173 /* Presentation */ = {
			isa = PBXGroup;
			children = (
				7648096C1E5A31D40072A173 /* DisplayData */,
				7648094F1E5A109F0072A173 /* Protocols */,
				7648094E1E5A10960072A173 /* Presenters */,
			);
			path = Presentation;
			sourceTree = "<group>";
		};
		7648094E1E5A10960072A173 /* Presenters */ = {
			isa = PBXGroup;
			children = (
				764809531E5A10C90072A173 /* ActivityFeedPresenter.swift */,
			);
			path = Presenters;
			sourceTree = "<group>";
		};
		7648094F1E5A109F0072A173 /* Protocols */ = {
			isa = PBXGroup;
			children = (
				764809551E5A10D60072A173 /* ActivityFeedView.swift */,
				7663A5481E5F44CA00BA132E /* ActivityCell.swift */,
			);
			path = Protocols;
			sourceTree = "<group>";
		};
		764809501E5A10AA0072A173 /* Connectors */ = {
			isa = PBXGroup;
			children = (
				764809511E5A10B60072A173 /* ActivityFeedConnector.swift */,
			);
			path = Connectors;
			sourceTree = "<group>";
		};
		764809591E5A14020072A173 /* Domain */ = {
			isa = PBXGroup;
			children = (
				7648095A1E5A141E0072A173 /* EntityGateway.swift */,
				764809651E5A30A30072A173 /* UseCase.swift */,
				764809671E5A31070072A173 /* UseCaseFactory.swift */,
				7663A5781E62EE6000BA132E /* Aux */,
				764809691E5A311F0072A173 /* UseCases */,
				764809621E5A14FD0072A173 /* Entities */,
			);
			path = Domain;
			sourceTree = "<group>";
		};
		7648095C1E5A143F0072A173 /* Data */ = {
			isa = PBXGroup;
			children = (
				7648095D1E5A144A0072A173 /* InMemoryRepository.swift */,
			);
			path = Data;
			sourceTree = "<group>";
		};
		764809621E5A14FD0072A173 /* Entities */ = {
			isa = PBXGroup;
			children = (
				764809631E5A156F0072A173 /* Activity.swift */,
			);
			path = Entities;
			sourceTree = "<group>";
		};
		764809691E5A311F0072A173 /* UseCases */ = {
			isa = PBXGroup;
			children = (
				7648096A1E5A313C0072A173 /* ShowActivitiesUseCase.swift */,
			);
			path = UseCases;
			sourceTree = "<group>";
		};
		7648096C1E5A31D40072A173 /* DisplayData */ = {
			isa = PBXGroup;
			children = (
				7648096D1E5A31DF0072A173 /* ActivityDisplayData.swift */,
			);
			path = DisplayData;
			sourceTree = "<group>";
		};
		7663A5251E5B5B5600BA132E /* ActivityFeedTests */ = {
			isa = PBXGroup;
			children = (
				7663A5691E60B64600BA132E /* Domain */,
				7663A5721E60BE3B00BA132E /* Presentation */,
				7663A52E1E5B5B6A00BA132E /* SupportingFiles */,
			);
			path = ActivityFeedTests;
			sourceTree = "<group>";
		};
		7663A52E1E5B5B6A00BA132E /* SupportingFiles */ = {
			isa = PBXGroup;
			children = (
				7663A5281E5B5B5600BA132E /* Info.plist */,
				7663A5301E5B5BDD00BA132E /* TestData.swift */,
				7663A5321E5B5D4600BA132E /* Activity+TestData.swift */,
				7663A5341E5B5E0100BA132E /* ActivityDisplayData+TestData.swift */,
				7663A52F1E5B5BDC00BA132E /* ActivityFeedTests-Bridging-Header.h */,
			);
			path = SupportingFiles;
			sourceTree = "<group>";
		};
		7663A5451E5F3E9500BA132E /* SupplementaryViews */ = {
			isa = PBXGroup;
			children = (
				7663A5461E5F3EA700BA132E /* ActivityTableViewCell.swift */,
			);
			path = SupplementaryViews;
			sourceTree = "<group>";
		};
		7663A54A1E5F450D00BA132E /* Factories */ = {
			isa = PBXGroup;
			children = (
				7663A54B1E5F451700BA132E /* LabelFactory.swift */,
			);
			path = Factories;
			sourceTree = "<group>";
		};
		7663A54D1E5F45D600BA132E /* Fonts */ = {
			isa = PBXGroup;
			children = (
				7663A5511E5F45D600BA132E /* BentonSans-Regular.otf */,
			);
			name = Fonts;
			path = Base.lproj/Fonts;
			sourceTree = "<group>";
		};
		7663A5581E5F469700BA132E /* Aux */ = {
			isa = PBXGroup;
			children = (
				7663A5591E5F46A100BA132E /* ColorPalette.swift */,
				7663A55B1E5F47A900BA132E /* FontPalette.swift */,
				7663A55D1E5F4D9700BA132E /* ReusableIdentifier.swift */,
			);
			path = Aux;
			sourceTree = "<group>";
		};
		7663A5691E60B64600BA132E /* Domain */ = {
			isa = PBXGroup;
			children = (
				7663A56A1E60B65400BA132E /* UseCaseFactoryTests.swift */,
				7663A57B1E62EFB600BA132E /* Aux */,
				7663A56C1E60BA0600BA132E /* UseCases */,
				7663A56F1E60BC9D00BA132E /* Entities */,
			);
			path = Domain;
			sourceTree = "<group>";
		};
		7663A56C1E60BA0600BA132E /* UseCases */ = {
			isa = PBXGroup;
			children = (
				7663A56D1E60BA1A00BA132E /* ShowActivitiesUseCaseTests.swift */,
			);
			path = UseCases;
			sourceTree = "<group>";
		};
		7663A56F1E60BC9D00BA132E /* Entities */ = {
			isa = PBXGroup;
			children = (
				7663A5701E60BCAD00BA132E /* ActivityTests.swift */,
			);
			path = Entities;
			sourceTree = "<group>";
		};
		7663A5721E60BE3B00BA132E /* Presentation */ = {
			isa = PBXGroup;
			children = (
				7663A5751E60BE6600BA132E /* DisplayData */,
			);
			path = Presentation;
			sourceTree = "<group>";
		};
		7663A5751E60BE6600BA132E /* DisplayData */ = {
			isa = PBXGroup;
			children = (
				7663A5761E60BE7C00BA132E /* ActivityDisplayData.swift */,
			);
			path = DisplayData;
			sourceTree = "<group>";
		};
		7663A5781E62EE6000BA132E /* Aux */ = {
			isa = PBXGroup;
			children = (
				7663A5791E62EE6E00BA132E /* Date+Subtract.swift */,
				7663A57E1E62F2D100BA132E /* DateRangeIterator.swift */,
			);
			path = Aux;
			sourceTree = "<group>";
		};
		7663A57B1E62EFB600BA132E /* Aux */ = {
			isa = PBXGroup;
			children = (
				7663A57C1E62EFC900BA132E /* Date+SubtractTests.swift */,
			);
			path = Aux;
			sourceTree = "<group>";
		};
/* End PBXGroup section */

/* Begin PBXNativeTarget section */
		764809281E5A0B7E0072A173 /* ActivityFeed */ = {
			isa = PBXNativeTarget;
			buildConfigurationList = 7648093B1E5A0B7E0072A173 /* Build configuration list for PBXNativeTarget "ActivityFeed" */;
			buildPhases = (
				764809251E5A0B7E0072A173 /* Sources */,
				764809261E5A0B7E0072A173 /* Frameworks */,
				764809271E5A0B7E0072A173 /* Resources */,
			);
			buildRules = (
			);
			dependencies = (
			);
			name = ActivityFeed;
			productName = ActivityFeed;
			productReference = 764809291E5A0B7E0072A173 /* ActivityFeed.app */;
			productType = "com.apple.product-type.application";
		};
		7663A5231E5B5B5600BA132E /* ActivityFeedTests */ = {
			isa = PBXNativeTarget;
			buildConfigurationList = 7663A52D1E5B5B5600BA132E /* Build configuration list for PBXNativeTarget "ActivityFeedTests" */;
			buildPhases = (
				7663A5201E5B5B5600BA132E /* Sources */,
				7663A5211E5B5B5600BA132E /* Frameworks */,
				7663A5221E5B5B5600BA132E /* Resources */,
			);
			buildRules = (
			);
			dependencies = (
				7663A52A1E5B5B5600BA132E /* PBXTargetDependency */,
			);
			name = ActivityFeedTests;
			productName = ActivityFeedTests;
			productReference = 7663A5241E5B5B5600BA132E /* ActivityFeedTests.xctest */;
			productType = "com.apple.product-type.bundle.unit-test";
		};
/* End PBXNativeTarget section */

/* Begin PBXProject section */
		764809211E5A0B7E0072A173 /* Project object */ = {
			isa = PBXProject;
			attributes = {
				LastSwiftUpdateCheck = 0820;
				LastUpgradeCheck = 0820;
				ORGANIZATIONNAME = "Jeremi Kaczmarczyk";
				TargetAttributes = {
					764809281E5A0B7E0072A173 = {
						CreatedOnToolsVersion = 8.2.1;
						DevelopmentTeam = S22AEPX323;
						ProvisioningStyle = Automatic;
					};
					7663A5231E5B5B5600BA132E = {
						CreatedOnToolsVersion = 8.2.1;
						DevelopmentTeam = S22AEPX323;
						LastSwiftMigration = 0820;
						ProvisioningStyle = Automatic;
						TestTargetID = 764809281E5A0B7E0072A173;
					};
				};
			};
			buildConfigurationList = 764809241E5A0B7E0072A173 /* Build configuration list for PBXProject "ActivityFeed" */;
			compatibilityVersion = "Xcode 3.2";
			developmentRegion = English;
			hasScannedForEncodings = 0;
			knownRegions = (
				en,
				Base,
			);
			mainGroup = 764809201E5A0B7E0072A173;
			productRefGroup = 7648092A1E5A0B7E0072A173 /* Products */;
			projectDirPath = "";
			projectRoot = "";
			targets = (
				764809281E5A0B7E0072A173 /* ActivityFeed */,
				7663A5231E5B5B5600BA132E /* ActivityFeedTests */,
			);
		};
/* End PBXProject section */

/* Begin PBXResourcesBuildPhase section */
		764809271E5A0B7E0072A173 /* Resources */ = {
			isa = PBXResourcesBuildPhase;
			buildActionMask = 2147483647;
			files = (
				7663A5561E5F45D600BA132E /* BentonSans-Regular.otf in Resources */,
				764809491E5A10070072A173 /* LaunchScreen.storyboard in Resources */,
				764809341E5A0B7E0072A173 /* Assets.xcassets in Resources */,
			);
			runOnlyForDeploymentPostprocessing = 0;
		};
		7663A5221E5B5B5600BA132E /* Resources */ = {
			isa = PBXResourcesBuildPhase;
			buildActionMask = 2147483647;
			files = (
			);
			runOnlyForDeploymentPostprocessing = 0;
		};
/* End PBXResourcesBuildPhase section */

/* Begin PBXSourcesBuildPhase section */
		764809251E5A0B7E0072A173 /* Sources */ = {
			isa = PBXSourcesBuildPhase;
			buildActionMask = 2147483647;
			files = (
				764809561E5A10D60072A173 /* ActivityFeedView.swift in Sources */,
				7663A55E1E5F4D9700BA132E /* ReusableIdentifier.swift in Sources */,
				764809521E5A10B60072A173 /* ActivityFeedConnector.swift in Sources */,
				7648094C1E5A10760072A173 /* ActivityFeedViewController.swift in Sources */,
				7663A54C1E5F451700BA132E /* LabelFactory.swift in Sources */,
				7648092D1E5A0B7E0072A173 /* AppDelegate.swift in Sources */,
				7663A5491E5F44CA00BA132E /* ActivityCell.swift in Sources */,
				7663A55C1E5F47A900BA132E /* FontPalette.swift in Sources */,
				7648095E1E5A144A0072A173 /* InMemoryRepository.swift in Sources */,
				7648096E1E5A31DF0072A173 /* ActivityDisplayData.swift in Sources */,
				764809541E5A10C90072A173 /* ActivityFeedPresenter.swift in Sources */,
				7663A57A1E62EE6E00BA132E /* Date+Subtract.swift in Sources */,
				764809661E5A30A30072A173 /* UseCase.swift in Sources */,
				764809641E5A156F0072A173 /* Activity.swift in Sources */,
				7663A55A1E5F46A100BA132E /* ColorPalette.swift in Sources */,
				764809681E5A31070072A173 /* UseCaseFactory.swift in Sources */,
				7648096B1E5A313C0072A173 /* ShowActivitiesUseCase.swift in Sources */,
				7663A57F1E62F2D100BA132E /* DateRangeIterator.swift in Sources */,
				7648095B1E5A141E0072A173 /* EntityGateway.swift in Sources */,
				7663A5471E5F3EA700BA132E /* ActivityTableViewCell.swift in Sources */,
			);
			runOnlyForDeploymentPostprocessing = 0;
		};
		7663A5201E5B5B5600BA132E /* Sources */ = {
			isa = PBXSourcesBuildPhase;
			buildActionMask = 2147483647;
			files = (
				7663A56B1E60B65400BA132E /* UseCaseFactoryTests.swift in Sources */,
				7663A5331E5B5D4600BA132E /* Activity+TestData.swift in Sources */,
				7663A5771E60BE7C00BA132E /* ActivityDisplayData.swift in Sources */,
				7663A5351E5B5E0100BA132E /* ActivityDisplayData+TestData.swift in Sources */,
				7663A56E1E60BA1A00BA132E /* ShowActivitiesUseCaseTests.swift in Sources */,
				7663A5711E60BCAD00BA132E /* ActivityTests.swift in Sources */,
				7663A5311E5B5BDD00BA132E /* TestData.swift in Sources */,
				7663A57D1E62EFC900BA132E /* Date+SubtractTests.swift in Sources */,
			);
			runOnlyForDeploymentPostprocessing = 0;
		};
/* End PBXSourcesBuildPhase section */

/* Begin PBXTargetDependency section */
		7663A52A1E5B5B5600BA132E /* PBXTargetDependency */ = {
			isa = PBXTargetDependency;
			target = 764809281E5A0B7E0072A173 /* ActivityFeed */;
			targetProxy = 7663A5291E5B5B5600BA132E /* PBXContainerItemProxy */;
		};
/* End PBXTargetDependency section */

/* Begin PBXVariantGroup section */
		764809451E5A10070072A173 /* LaunchScreen.storyboard */ = {
			isa = PBXVariantGroup;
			children = (
				764809461E5A10070072A173 /* Base */,
			);
			name = LaunchScreen.storyboard;
			sourceTree = "<group>";
		};
/* End PBXVariantGroup section */

/* Begin XCBuildConfiguration section */
		764809391E5A0B7E0072A173 /* Debug */ = {
			isa = XCBuildConfiguration;
			buildSettings = {
				ALWAYS_SEARCH_USER_PATHS = NO;
				CLANG_ANALYZER_NONNULL = YES;
				CLANG_CXX_LANGUAGE_STANDARD = "gnu++0x";
				CLANG_CXX_LIBRARY = "libc++";
				CLANG_ENABLE_MODULES = YES;
				CLANG_ENABLE_OBJC_ARC = YES;
				CLANG_WARN_BOOL_CONVERSION = YES;
				CLANG_WARN_CONSTANT_CONVERSION = YES;
				CLANG_WARN_DIRECT_OBJC_ISA_USAGE = YES_ERROR;
				CLANG_WARN_DOCUMENTATION_COMMENTS = YES;
				CLANG_WARN_EMPTY_BODY = YES;
				CLANG_WARN_ENUM_CONVERSION = YES;
				CLANG_WARN_INFINITE_RECURSION = YES;
				CLANG_WARN_INT_CONVERSION = YES;
				CLANG_WARN_OBJC_ROOT_CLASS = YES_ERROR;
				CLANG_WARN_SUSPICIOUS_MOVE = YES;
				CLANG_WARN_UNREACHABLE_CODE = YES;
				CLANG_WARN__DUPLICATE_METHOD_MATCH = YES;
				"CODE_SIGN_IDENTITY[sdk=iphoneos*]" = "iPhone Developer";
				COPY_PHASE_STRIP = NO;
				DEBUG_INFORMATION_FORMAT = dwarf;
				ENABLE_STRICT_OBJC_MSGSEND = YES;
				ENABLE_TESTABILITY = YES;
				GCC_C_LANGUAGE_STANDARD = gnu99;
				GCC_DYNAMIC_NO_PIC = NO;
				GCC_NO_COMMON_BLOCKS = YES;
				GCC_OPTIMIZATION_LEVEL = 0;
				GCC_PREPROCESSOR_DEFINITIONS = (
					"DEBUG=1",
					"$(inherited)",
				);
				GCC_WARN_64_TO_32_BIT_CONVERSION = YES;
				GCC_WARN_ABOUT_RETURN_TYPE = YES_ERROR;
				GCC_WARN_UNDECLARED_SELECTOR = YES;
				GCC_WARN_UNINITIALIZED_AUTOS = YES_AGGRESSIVE;
				GCC_WARN_UNUSED_FUNCTION = YES;
				GCC_WARN_UNUSED_VARIABLE = YES;
				IPHONEOS_DEPLOYMENT_TARGET = 10.2;
				MTL_ENABLE_DEBUG_INFO = YES;
				ONLY_ACTIVE_ARCH = YES;
				SDKROOT = iphoneos;
				SWIFT_ACTIVE_COMPILATION_CONDITIONS = DEBUG;
				SWIFT_OPTIMIZATION_LEVEL = "-Onone";
				TARGETED_DEVICE_FAMILY = "1,2";
			};
			name = Debug;
		};
		7648093A1E5A0B7E0072A173 /* Release */ = {
			isa = XCBuildConfiguration;
			buildSettings = {
				ALWAYS_SEARCH_USER_PATHS = NO;
				CLANG_ANALYZER_NONNULL = YES;
				CLANG_CXX_LANGUAGE_STANDARD = "gnu++0x";
				CLANG_CXX_LIBRARY = "libc++";
				CLANG_ENABLE_MODULES = YES;
				CLANG_ENABLE_OBJC_ARC = YES;
				CLANG_WARN_BOOL_CONVERSION = YES;
				CLANG_WARN_CONSTANT_CONVERSION = YES;
				CLANG_WARN_DIRECT_OBJC_ISA_USAGE = YES_ERROR;
				CLANG_WARN_DOCUMENTATION_COMMENTS = YES;
				CLANG_WARN_EMPTY_BODY = YES;
				CLANG_WARN_ENUM_CONVERSION = YES;
				CLANG_WARN_INFINITE_RECURSION = YES;
				CLANG_WARN_INT_CONVERSION = YES;
				CLANG_WARN_OBJC_ROOT_CLASS = YES_ERROR;
				CLANG_WARN_SUSPICIOUS_MOVE = YES;
				CLANG_WARN_UNREACHABLE_CODE = YES;
				CLANG_WARN__DUPLICATE_METHOD_MATCH = YES;
				"CODE_SIGN_IDENTITY[sdk=iphoneos*]" = "iPhone Developer";
				COPY_PHASE_STRIP = NO;
				DEBUG_INFORMATION_FORMAT = "dwarf-with-dsym";
				ENABLE_NS_ASSERTIONS = NO;
				ENABLE_STRICT_OBJC_MSGSEND = YES;
				GCC_C_LANGUAGE_STANDARD = gnu99;
				GCC_NO_COMMON_BLOCKS = YES;
				GCC_WARN_64_TO_32_BIT_CONVERSION = YES;
				GCC_WARN_ABOUT_RETURN_TYPE = YES_ERROR;
				GCC_WARN_UNDECLARED_SELECTOR = YES;
				GCC_WARN_UNINITIALIZED_AUTOS = YES_AGGRESSIVE;
				GCC_WARN_UNUSED_FUNCTION = YES;
				GCC_WARN_UNUSED_VARIABLE = YES;
				IPHONEOS_DEPLOYMENT_TARGET = 10.2;
				MTL_ENABLE_DEBUG_INFO = NO;
				SDKROOT = iphoneos;
				SWIFT_OPTIMIZATION_LEVEL = "-Owholemodule";
				TARGETED_DEVICE_FAMILY = "1,2";
				VALIDATE_PRODUCT = YES;
			};
			name = Release;
		};
		7648093C1E5A0B7E0072A173 /* Debug */ = {
			isa = XCBuildConfiguration;
			buildSettings = {
				ASSETCATALOG_COMPILER_APPICON_NAME = AppIcon;
				ASSETCATALOG_COMPILER_LAUNCHIMAGE_NAME = LaunchImage;
				DEVELOPMENT_TEAM = S22AEPX323;
				INFOPLIST_FILE = "$(SRCROOT)/ActivityFeed/Supporting Files/Info.plist";
				LD_RUNPATH_SEARCH_PATHS = "$(inherited) @executable_path/Frameworks";
				PRODUCT_BUNDLE_IDENTIFIER = jk.apps.ActivityFeed;
				PRODUCT_NAME = "$(TARGET_NAME)";
				SWIFT_VERSION = 3.0;
			};
			name = Debug;
		};
		7648093D1E5A0B7E0072A173 /* Release */ = {
			isa = XCBuildConfiguration;
			buildSettings = {
				ASSETCATALOG_COMPILER_APPICON_NAME = AppIcon;
				ASSETCATALOG_COMPILER_LAUNCHIMAGE_NAME = LaunchImage;
				DEVELOPMENT_TEAM = S22AEPX323;
				INFOPLIST_FILE = "$(SRCROOT)/ActivityFeed/Supporting Files/Info.plist";
				LD_RUNPATH_SEARCH_PATHS = "$(inherited) @executable_path/Frameworks";
				PRODUCT_BUNDLE_IDENTIFIER = jk.apps.ActivityFeed;
				PRODUCT_NAME = "$(TARGET_NAME)";
				SWIFT_VERSION = 3.0;
			};
			name = Release;
		};
		7663A52B1E5B5B5600BA132E /* Debug */ = {
			isa = XCBuildConfiguration;
			buildSettings = {
				BUNDLE_LOADER = "$(TEST_HOST)";
				CLANG_ENABLE_MODULES = YES;
				DEVELOPMENT_TEAM = S22AEPX323;
				INFOPLIST_FILE = ActivityFeedTests/SupportingFiles/Info.plist;
				LD_RUNPATH_SEARCH_PATHS = "$(inherited) @executable_path/Frameworks @loader_path/Frameworks";
				PRODUCT_BUNDLE_IDENTIFIER = jk.apps.ActivityFeedTests;
				PRODUCT_NAME = "$(TARGET_NAME)";
				SWIFT_OBJC_BRIDGING_HEADER = "ActivityFeedTests/SupportingFiles/ActivityFeedTests-Bridging-Header.h";
				SWIFT_OPTIMIZATION_LEVEL = "-Onone";
				SWIFT_VERSION = 3.0;
				TEST_HOST = "$(BUILT_PRODUCTS_DIR)/ActivityFeed.app/ActivityFeed";
			};
			name = Debug;
		};
		7663A52C1E5B5B5600BA132E /* Release */ = {
			isa = XCBuildConfiguration;
			buildSettings = {
				BUNDLE_LOADER = "$(TEST_HOST)";
				CLANG_ENABLE_MODULES = YES;
				DEVELOPMENT_TEAM = S22AEPX323;
				INFOPLIST_FILE = ActivityFeedTests/SupportingFiles/Info.plist;
				LD_RUNPATH_SEARCH_PATHS = "$(inherited) @executable_path/Frameworks @loader_path/Frameworks";
				PRODUCT_BUNDLE_IDENTIFIER = jk.apps.ActivityFeedTests;
				PRODUCT_NAME = "$(TARGET_NAME)";
				SWIFT_OBJC_BRIDGING_HEADER = "ActivityFeedTests/SupportingFiles/ActivityFeedTests-Bridging-Header.h";
				SWIFT_VERSION = 3.0;
				TEST_HOST = "$(BUILT_PRODUCTS_DIR)/ActivityFeed.app/ActivityFeed";
			};
			name = Release;
		};
/* End XCBuildConfiguration section */

/* Begin XCConfigurationList section */
		764809241E5A0B7E0072A173 /* Build configuration list for PBXProject "ActivityFeed" */ = {
			isa = XCConfigurationList;
			buildConfigurations = (
				764809391E5A0B7E0072A173 /* Debug */,
				7648093A1E5A0B7E0072A173 /* Release */,
			);
			defaultConfigurationIsVisible = 0;
			defaultConfigurationName = Release;
		};
		7648093B1E5A0B7E0072A173 /* Build configuration list for PBXNativeTarget "ActivityFeed" */ = {
			isa = XCConfigurationList;
			buildConfigurations = (
				7648093C1E5A0B7E0072A173 /* Debug */,
				7648093D1E5A0B7E0072A173 /* Release */,
			);
			defaultConfigurationIsVisible = 0;
			defaultConfigurationName = Release;
		};
		7663A52D1E5B5B5600BA132E /* Build configuration list for PBXNativeTarget "ActivityFeedTests" */ = {
			isa = XCConfigurationList;
			buildConfigurations = (
				7663A52B1E5B5B5600BA132E /* Debug */,
				7663A52C1E5B5B5600BA132E /* Release */,
			);
			defaultConfigurationIsVisible = 0;
			defaultConfigurationName = Release;
		};
/* End XCConfigurationList section */
	};
	rootObject = 764809211E5A0B7E0072A173 /* Project object */;
}
